
Microsoft Visual Studio Solution File, Format Version 12.00
# Visual Studio 2013
VisualStudioVersion = 12.0.21005.1
MinimumVisualStudioVersion = 10.0.40219.1
Project("{FAE04EC0-301F-11D3-BF4B-00C04F79EFBC}") = "A2008212272.Console", "A2008212272.Console\A2008212272.Console.csproj", "{7104718B-B3EF-4218-98BB-638C3F7F0D0A}"
EndProject
Project("{FAE04EC0-301F-11D3-BF4B-00C04F79EFBC}") = "A2008212272.Entities", "A2008212272.Entities\A2008212272.Entities.csproj", "{C91A65D5-4E1D-4DDC-9788-D580FB9AC6C0}"
EndProject
Project("{FAE04EC0-301F-11D3-BF4B-00C04F79EFBC}") = "A2008212272.Persistance", "A2008212272.Persistance\A2008212272.Persistance.csproj", "{B6E9CA95-82F5-4056-A25D-CE601C6CD0F3}"
EndProject
Global
	GlobalSection(SolutionConfigurationPlatforms) = preSolution
		Debug|Any CPU = Debug|Any CPU
		Release|Any CPU = Release|Any CPU
	EndGlobalSection
	GlobalSection(ProjectConfigurationPlatforms) = postSolution
		{7104718B-B3EF-4218-98BB-638C3F7F0D0A}.Debug|Any CPU.ActiveCfg = Debug|Any CPU
		{7104718B-B3EF-4218-98BB-638C3F7F0D0A}.Debug|Any CPU.Build.0 = Debug|Any CPU
		{7104718B-B3EF-4218-98BB-638C3F7F0D0A}.Release|Any CPU.ActiveCfg = Release|Any CPU
		{7104718B-B3EF-4218-98BB-638C3F7F0D0A}.Release|Any CPU.Build.0 = Release|Any CPU
		{C91A65D5-4E1D-4DDC-9788-D580FB9AC6C0}.Debug|Any CPU.ActiveCfg = Debug|Any CPU
		{C91A65D5-4E1D-4DDC-9788-D580FB9AC6C0}.Debug|Any CPU.Build.0 = Debug|Any CPU
		{C91A65D5-4E1D-4DDC-9788-D580FB9AC6C0}.Release|Any CPU.ActiveCfg = Release|Any CPU
		{C91A65D5-4E1D-4DDC-9788-D580FB9AC6C0}.Release|Any CPU.Build.0 = Release|Any CPU
		{B6E9CA95-82F5-4056-A25D-CE601C6CD0F3}.Debug|Any CPU.ActiveCfg = Debug|Any CPU
		{B6E9CA95-82F5-4056-A25D-CE601C6CD0F3}.Debug|Any CPU.Build.0 = Debug|Any CPU
		{B6E9CA95-82F5-4056-A25D-CE601C6CD0F3}.Release|Any CPU.ActiveCfg = Release|Any CPU
		{B6E9CA95-82F5-4056-A25D-CE601C6CD0F3}.Release|Any CPU.Build.0 = Release|Any CPU
	EndGlobalSection
	GlobalSection(SolutionProperties) = preSolution
		HideSolutionNode = FALSE
	EndGlobalSection
EndGlobal
